// !$*UTF8*$!
{
	archiveVersion = 1;
	classes = {
	};
	objectVersion = 46;
	objects = {

/* Begin PBXBuildFile section */
		5D1769E21C11AFF0007A6533 /* main.cpp in Sources */ = {isa = PBXBuildFile; fileRef = 5D1769E11C11AFF0007A6533 /* main.cpp */; };
		5D70C0C41C259A7800CC93C6 /* MovingSprite.cpp in Sources */ = {isa = PBXBuildFile; fileRef = 5D70C0C21C259A7800CC93C6 /* MovingSprite.cpp */; };
		5D70C0C71C25A00E00CC93C6 /* BrickSprite.cpp in Sources */ = {isa = PBXBuildFile; fileRef = 5D70C0C51C25A00E00CC93C6 /* BrickSprite.cpp */; };
		5D70C0CA1C25A53C00CC93C6 /* BrownBrick.cpp in Sources */ = {isa = PBXBuildFile; fileRef = 5D70C0C81C25A53C00CC93C6 /* BrownBrick.cpp */; };
		5D70C0CD1C25B26F00CC93C6 /* PurpleBrick.cpp in Sources */ = {isa = PBXBuildFile; fileRef = 5D70C0CB1C25B26F00CC93C6 /* PurpleBrick.cpp */; };
		5D70C0D01C25B32100CC93C6 /* GoldBrick.cpp in Sources */ = {isa = PBXBuildFile; fileRef = 5D70C0CE1C25B32100CC93C6 /* GoldBrick.cpp */; };
		5D74A6361C43029900BEA24A /* PlayerSprite.cpp in Sources */ = {isa = PBXBuildFile; fileRef = 5D74A6341C43029900BEA24A /* PlayerSprite.cpp */; };
		5D82BF151C11BB3300754B44 /* SDL2_image.framework in Frameworks */ = {isa = PBXBuildFile; fileRef = 5D82BF111C11BB3300754B44 /* SDL2_image.framework */; };
		5D82BF161C11BB3300754B44 /* SDL2_mixer.framework in Frameworks */ = {isa = PBXBuildFile; fileRef = 5D82BF121C11BB3300754B44 /* SDL2_mixer.framework */; };
		5D82BF171C11BB3300754B44 /* SDL2_ttf.framework in Frameworks */ = {isa = PBXBuildFile; fileRef = 5D82BF131C11BB3300754B44 /* SDL2_ttf.framework */; };
		5D82BF181C11BB3300754B44 /* SDL2.framework in Frameworks */ = {isa = PBXBuildFile; fileRef = 5D82BF141C11BB3300754B44 /* SDL2.framework */; };
		5D82BF1B1C11C02800754B44 /* GameEngine.cpp in Sources */ = {isa = PBXBuildFile; fileRef = 5D82BF191C11C02800754B44 /* GameEngine.cpp */; };
		5D82BF1E1C11C08000754B44 /* Sprite.cpp in Sources */ = {isa = PBXBuildFile; fileRef = 5D82BF1C1C11C08000754B44 /* Sprite.cpp */; };
		5D9A3BC81C19661900550046 /* BrickField.cpp in Sources */ = {isa = PBXBuildFile; fileRef = 5D9A3BC61C19661900550046 /* BrickField.cpp */; };
		5D9A3BCB1C1967C900550046 /* BlueBrick.cpp in Sources */ = {isa = PBXBuildFile; fileRef = 5D9A3BC91C1967C900550046 /* BlueBrick.cpp */; };
		5DC39AA61C18BAEF00098BFD /* Ball.cpp in Sources */ = {isa = PBXBuildFile; fileRef = 5DC39AA41C18BAEF00098BFD /* Ball.cpp */; };
/* End PBXBuildFile section */

/* Begin PBXCopyFilesBuildPhase section */
		5D1769DC1C11AFF0007A6533 /* CopyFiles */ = {
			isa = PBXCopyFilesBuildPhase;
			buildActionMask = 2147483647;
			dstPath = /usr/share/man/man1/;
			dstSubfolderSpec = 0;
			files = (
			);
			runOnlyForDeploymentPostprocessing = 1;
		};
/* End PBXCopyFilesBuildPhase section */

/* Begin PBXFileReference section */
		5D1769E11C11AFF0007A6533 /* main.cpp */ = {isa = PBXFileReference; lastKnownFileType = sourcecode.cpp.cpp; path = main.cpp; sourceTree = "<group>"; };
		5D1769F01C11B6EE007A6533 /* .gitignore */ = {isa = PBXFileReference; fileEncoding = 4; lastKnownFileType = text; path = .gitignore; sourceTree = "<group>"; };
		5D70C0C21C259A7800CC93C6 /* MovingSprite.cpp */ = {isa = PBXFileReference; fileEncoding = 4; lastKnownFileType = sourcecode.cpp.cpp; path = MovingSprite.cpp; sourceTree = "<group>"; };
		5D70C0C31C259A7800CC93C6 /* MovingSprite.hpp */ = {isa = PBXFileReference; fileEncoding = 4; lastKnownFileType = sourcecode.cpp.h; path = MovingSprite.hpp; sourceTree = "<group>"; };
		5D70C0C51C25A00E00CC93C6 /* BrickSprite.cpp */ = {isa = PBXFileReference; fileEncoding = 4; lastKnownFileType = sourcecode.cpp.cpp; path = BrickSprite.cpp; sourceTree = "<group>"; };
		5D70C0C61C25A00E00CC93C6 /* BrickSprite.hpp */ = {isa = PBXFileReference; fileEncoding = 4; lastKnownFileType = sourcecode.cpp.h; path = BrickSprite.hpp; sourceTree = "<group>"; };
		5D70C0C81C25A53C00CC93C6 /* BrownBrick.cpp */ = {isa = PBXFileReference; fileEncoding = 4; lastKnownFileType = sourcecode.cpp.cpp; path = BrownBrick.cpp; sourceTree = "<group>"; };
		5D70C0C91C25A53C00CC93C6 /* BrownBrick.hpp */ = {isa = PBXFileReference; fileEncoding = 4; lastKnownFileType = sourcecode.cpp.h; path = BrownBrick.hpp; sourceTree = "<group>"; };
		5D70C0CB1C25B26F00CC93C6 /* PurpleBrick.cpp */ = {isa = PBXFileReference; fileEncoding = 4; lastKnownFileType = sourcecode.cpp.cpp; path = PurpleBrick.cpp; sourceTree = "<group>"; };
		5D70C0CC1C25B26F00CC93C6 /* PurpleBrick.hpp */ = {isa = PBXFileReference; fileEncoding = 4; lastKnownFileType = sourcecode.cpp.h; path = PurpleBrick.hpp; sourceTree = "<group>"; };
		5D70C0CE1C25B32100CC93C6 /* GoldBrick.cpp */ = {isa = PBXFileReference; fileEncoding = 4; lastKnownFileType = sourcecode.cpp.cpp; path = GoldBrick.cpp; sourceTree = "<group>"; };
		5D70C0CF1C25B32100CC93C6 /* GoldBrick.hpp */ = {isa = PBXFileReference; fileEncoding = 4; lastKnownFileType = sourcecode.cpp.h; path = GoldBrick.hpp; sourceTree = "<group>"; };
		5D73FEDA1C27304F00740739 /* PROG3_INLUPP */ = {isa = PBXFileReference; explicitFileType = "compiled.mach-o.executable"; includeInIndex = 0; path = PROG3_INLUPP; sourceTree = BUILT_PRODUCTS_DIR; };
		5D74A6341C43029900BEA24A /* PlayerSprite.cpp */ = {isa = PBXFileReference; fileEncoding = 4; lastKnownFileType = sourcecode.cpp.cpp; path = PlayerSprite.cpp; sourceTree = "<group>"; };
		5D74A6351C43029900BEA24A /* PlayerSprite.hpp */ = {isa = PBXFileReference; fileEncoding = 4; lastKnownFileType = sourcecode.cpp.h; path = PlayerSprite.hpp; sourceTree = "<group>"; };
		5D74A6371C4302FA00BEA24A /* resources */ = {isa = PBXFileReference; lastKnownFileType = folder; path = resources; sourceTree = "<group>"; };
		5D74A6381C4303DE00BEA24A /* ball.png */ = {isa = PBXFileReference; lastKnownFileType = image.png; path = ball.png; sourceTree = "<group>"; };
		5D74A6391C4303DE00BEA24A /* blue.jpg */ = {isa = PBXFileReference; lastKnownFileType = image.jpeg; path = blue.jpg; sourceTree = "<group>"; };
		5D74A63A1C4303DE00BEA24A /* brown.jpg */ = {isa = PBXFileReference; lastKnownFileType = image.jpeg; path = brown.jpg; sourceTree = "<group>"; };
		5D74A63B1C4303DE00BEA24A /* deepspace.png */ = {isa = PBXFileReference; lastKnownFileType = image.png; path = deepspace.png; sourceTree = "<group>"; };
		5D74A63C1C4303DE00BEA24A /* gold.jpg */ = {isa = PBXFileReference; lastKnownFileType = image.jpeg; path = gold.jpg; sourceTree = "<group>"; };
		5D74A63D1C4303DE00BEA24A /* gold1.jpg */ = {isa = PBXFileReference; lastKnownFileType = image.jpeg; path = gold1.jpg; sourceTree = "<group>"; };
		5D74A63E1C4303DE00BEA24A /* gold2MB2.jpg */ = {isa = PBXFileReference; lastKnownFileType = image.jpeg; path = gold2MB2.jpg; sourceTree = "<group>"; };
		5D74A63F1C4303DE00BEA24A /* menu.png */ = {isa = PBXFileReference; lastKnownFileType = image.png; path = menu.png; sourceTree = "<group>"; };
		5D74A6401C4303DE00BEA24A /* paddle1.png */ = {isa = PBXFileReference; lastKnownFileType = image.png; path = paddle1.png; sourceTree = "<group>"; };
		5D74A6411C4303DE00BEA24A /* playGame.png */ = {isa = PBXFileReference; lastKnownFileType = image.png; path = playGame.png; sourceTree = "<group>"; };
		5D74A6421C4303DE00BEA24A /* PlusMinus.png */ = {isa = PBXFileReference; lastKnownFileType = image.png; path = PlusMinus.png; sourceTree = "<group>"; };
		5D74A6431C4303DE00BEA24A /* purple.jpg */ = {isa = PBXFileReference; lastKnownFileType = image.jpeg; path = purple.jpg; sourceTree = "<group>"; };
		5D74A6441C4303DE00BEA24A /* purple1.jpg */ = {isa = PBXFileReference; lastKnownFileType = image.jpeg; path = purple1.jpg; sourceTree = "<group>"; };
		5D74A6451C4303DE00BEA24A /* scores.png */ = {isa = PBXFileReference; lastKnownFileType = image.png; path = scores.png; sourceTree = "<group>"; };
		5D74A6461C4303DE00BEA24A /* submit.png */ = {isa = PBXFileReference; lastKnownFileType = image.png; path = submit.png; sourceTree = "<group>"; };
		5D82BF111C11BB3300754B44 /* SDL2_image.framework */ = {isa = PBXFileReference; lastKnownFileType = wrapper.framework; name = SDL2_image.framework; path = ../../../../../Library/Frameworks/SDL2_image.framework; sourceTree = "<group>"; };
		5D82BF121C11BB3300754B44 /* SDL2_mixer.framework */ = {isa = PBXFileReference; lastKnownFileType = wrapper.framework; name = SDL2_mixer.framework; path = ../../../../../Library/Frameworks/SDL2_mixer.framework; sourceTree = "<group>"; };
		5D82BF131C11BB3300754B44 /* SDL2_ttf.framework */ = {isa = PBXFileReference; lastKnownFileType = wrapper.framework; name = SDL2_ttf.framework; path = ../../../../../Library/Frameworks/SDL2_ttf.framework; sourceTree = "<group>"; };
		5D82BF141C11BB3300754B44 /* SDL2.framework */ = {isa = PBXFileReference; lastKnownFileType = wrapper.framework; name = SDL2.framework; path = ../../../../../Library/Frameworks/SDL2.framework; sourceTree = "<group>"; };
		5D82BF191C11C02800754B44 /* GameEngine.cpp */ = {isa = PBXFileReference; fileEncoding = 4; lastKnownFileType = sourcecode.cpp.cpp; path = GameEngine.cpp; sourceTree = "<group>"; };
		5D82BF1A1C11C02800754B44 /* GameEngine.hpp */ = {isa = PBXFileReference; fileEncoding = 4; lastKnownFileType = sourcecode.cpp.h; path = GameEngine.hpp; sourceTree = "<group>"; };
		5D82BF1C1C11C08000754B44 /* Sprite.cpp */ = {isa = PBXFileReference; fileEncoding = 4; lastKnownFileType = sourcecode.cpp.cpp; path = Sprite.cpp; sourceTree = "<group>"; };
		5D82BF1D1C11C08000754B44 /* Sprite.hpp */ = {isa = PBXFileReference; fileEncoding = 4; lastKnownFileType = sourcecode.cpp.h; path = Sprite.hpp; sourceTree = "<group>"; };
		5D9A3BC61C19661900550046 /* BrickField.cpp */ = {isa = PBXFileReference; fileEncoding = 4; lastKnownFileType = sourcecode.cpp.cpp; path = BrickField.cpp; sourceTree = "<group>"; };
		5D9A3BC71C19661900550046 /* BrickField.hpp */ = {isa = PBXFileReference; fileEncoding = 4; lastKnownFileType = sourcecode.cpp.h; path = BrickField.hpp; sourceTree = "<group>"; };
		5D9A3BC91C1967C900550046 /* BlueBrick.cpp */ = {isa = PBXFileReference; fileEncoding = 4; lastKnownFileType = sourcecode.cpp.cpp; path = BlueBrick.cpp; sourceTree = "<group>"; };
		5D9A3BCA1C1967C900550046 /* BlueBrick.hpp */ = {isa = PBXFileReference; fileEncoding = 4; lastKnownFileType = sourcecode.cpp.h; path = BlueBrick.hpp; sourceTree = "<group>"; };
		5DC39AA41C18BAEF00098BFD /* Ball.cpp */ = {isa = PBXFileReference; fileEncoding = 4; lastKnownFileType = sourcecode.cpp.cpp; path = Ball.cpp; sourceTree = "<group>"; };
		5DC39AA51C18BAEF00098BFD /* Ball.hpp */ = {isa = PBXFileReference; fileEncoding = 4; lastKnownFileType = sourcecode.cpp.h; path = Ball.hpp; sourceTree = "<group>"; };
/* End PBXFileReference section */

/* Begin PBXFrameworksBuildPhase section */
		5D1769DB1C11AFF0007A6533 /* Frameworks */ = {
			isa = PBXFrameworksBuildPhase;
			buildActionMask = 2147483647;
			files = (
				5D82BF151C11BB3300754B44 /* SDL2_image.framework in Frameworks */,
				5D82BF161C11BB3300754B44 /* SDL2_mixer.framework in Frameworks */,
				5D82BF171C11BB3300754B44 /* SDL2_ttf.framework in Frameworks */,
				5D82BF181C11BB3300754B44 /* SDL2.framework in Frameworks */,
			);
			runOnlyForDeploymentPostprocessing = 0;
		};
/* End PBXFrameworksBuildPhase section */

/* Begin PBXGroup section */
		5D1769D51C11AFF0007A6533 = {
			isa = PBXGroup;
			children = (
				5D82BF111C11BB3300754B44 /* SDL2_image.framework */,
				5D82BF121C11BB3300754B44 /* SDL2_mixer.framework */,
				5D82BF131C11BB3300754B44 /* SDL2_ttf.framework */,
				5D82BF141C11BB3300754B44 /* SDL2.framework */,
				5D1769F01C11B6EE007A6533 /* .gitignore */,
				5D1769E01C11AFF0007A6533 /* PROG3_INLUPP */,
				5D73FEDA1C27304F00740739 /* PROG3_INLUPP */,
			);
			sourceTree = "<group>";
		};
		5D1769E01C11AFF0007A6533 /* PROG3_INLUPP */ = {
			isa = PBXGroup;
			children = (
				5D74A6371C4302FA00BEA24A /* resources */,
				5DC39AA41C18BAEF00098BFD /* Ball.cpp */,
				5DC39AA51C18BAEF00098BFD /* Ball.hpp */,
				5D9A3BC91C1967C900550046 /* BlueBrick.cpp */,
				5D9A3BCA1C1967C900550046 /* BlueBrick.hpp */,
				5D70C0C81C25A53C00CC93C6 /* BrownBrick.cpp */,
				5D70C0C91C25A53C00CC93C6 /* BrownBrick.hpp */,
				5D70C0CB1C25B26F00CC93C6 /* PurpleBrick.cpp */,
				5D70C0CC1C25B26F00CC93C6 /* PurpleBrick.hpp */,
				5D70C0CE1C25B32100CC93C6 /* GoldBrick.cpp */,
				5D70C0CF1C25B32100CC93C6 /* GoldBrick.hpp */,
				5D70C0C51C25A00E00CC93C6 /* BrickSprite.cpp */,
				5D70C0C61C25A00E00CC93C6 /* BrickSprite.hpp */,
				5D9A3BC61C19661900550046 /* BrickField.cpp */,
				5D9A3BC71C19661900550046 /* BrickField.hpp */,
				5D1769E11C11AFF0007A6533 /* main.cpp */,
				5D70C0C21C259A7800CC93C6 /* MovingSprite.cpp */,
				5D70C0C31C259A7800CC93C6 /* MovingSprite.hpp */,
				5D82BF191C11C02800754B44 /* GameEngine.cpp */,
				5D82BF1A1C11C02800754B44 /* GameEngine.hpp */,
				5D82BF1C1C11C08000754B44 /* Sprite.cpp */,
				5D82BF1D1C11C08000754B44 /* Sprite.hpp */,
				5D74A6341C43029900BEA24A /* PlayerSprite.cpp */,
				5D74A6351C43029900BEA24A /* PlayerSprite.hpp */,
				5D6346A11C1796B2006596EB /* Supporting Files */,
			);
			path = PROG3_INLUPP;
			sourceTree = "<group>";
		};
		5D6346A11C1796B2006596EB /* Supporting Files */ = {
			isa = PBXGroup;
			children = (
				5D74A6381C4303DE00BEA24A /* ball.png */,
				5D74A6391C4303DE00BEA24A /* blue.jpg */,
				5D74A63A1C4303DE00BEA24A /* brown.jpg */,
				5D74A63B1C4303DE00BEA24A /* deepspace.png */,
				5D74A63C1C4303DE00BEA24A /* gold.jpg */,
				5D74A63D1C4303DE00BEA24A /* gold1.jpg */,
				5D74A63E1C4303DE00BEA24A /* gold2MB2.jpg */,
				5D74A63F1C4303DE00BEA24A /* menu.png */,
				5D74A6401C4303DE00BEA24A /* paddle1.png */,
				5D74A6411C4303DE00BEA24A /* playGame.png */,
				5D74A6421C4303DE00BEA24A /* PlusMinus.png */,
				5D74A6431C4303DE00BEA24A /* purple.jpg */,
				5D74A6441C4303DE00BEA24A /* purple1.jpg */,
				5D74A6451C4303DE00BEA24A /* scores.png */,
				5D74A6461C4303DE00BEA24A /* submit.png */,
			);
			name = "Supporting Files";
			sourceTree = "<group>";
		};
/* End PBXGroup section */

/* Begin PBXNativeTarget section */
		5D1769DD1C11AFF0007A6533 /* PROG3_INLUPP */ = {
			isa = PBXNativeTarget;
			buildConfigurationList = 5D1769E51C11AFF0007A6533 /* Build configuration list for PBXNativeTarget "PROG3_INLUPP" */;
			buildPhases = (
				5D1769DA1C11AFF0007A6533 /* Sources */,
				5D1769DB1C11AFF0007A6533 /* Frameworks */,
				5D1769DC1C11AFF0007A6533 /* CopyFiles */,
			);
			buildRules = (
			);
			dependencies = (
			);
			name = PROG3_INLUPP;
			productName = PROG3_INLUPP;
			productReference = 5D73FEDA1C27304F00740739 /* PROG3_INLUPP */;
			productType = "com.apple.product-type.tool";
		};
/* End PBXNativeTarget section */

/* Begin PBXProject section */
		5D1769D61C11AFF0007A6533 /* Project object */ = {
			isa = PBXProject;
			attributes = {
				LastUpgradeCheck = 0710;
				ORGANIZATIONNAME = "Viktor Plane";
				TargetAttributes = {
					5D1769DD1C11AFF0007A6533 = {
						CreatedOnToolsVersion = 7.1.1;
					};
				};
			};
			buildConfigurationList = 5D1769D91C11AFF0007A6533 /* Build configuration list for PBXProject "PROG3_INLUPP" */;
			compatibilityVersion = "Xcode 3.2";
			developmentRegion = English;
			hasScannedForEncodings = 0;
			knownRegions = (
				en,
			);
			mainGroup = 5D1769D51C11AFF0007A6533;
			productRefGroup = 5D1769D51C11AFF0007A6533;
			projectDirPath = "";
			projectRoot = "";
			targets = (
				5D1769DD1C11AFF0007A6533 /* PROG3_INLUPP */,
			);
		};
/* End PBXProject section */

/* Begin PBXSourcesBuildPhase section */
		5D1769DA1C11AFF0007A6533 /* Sources */ = {
			isa = PBXSourcesBuildPhase;
			buildActionMask = 2147483647;
			files = (
				5D70C0C41C259A7800CC93C6 /* MovingSprite.cpp in Sources */,
				5D74A6361C43029900BEA24A /* PlayerSprite.cpp in Sources */,
				5DC39AA61C18BAEF00098BFD /* Ball.cpp in Sources */,
				5D70C0C71C25A00E00CC93C6 /* BrickSprite.cpp in Sources */,
				5D9A3BC81C19661900550046 /* BrickField.cpp in Sources */,
				5D70C0CD1C25B26F00CC93C6 /* PurpleBrick.cpp in Sources */,
				5D1769E21C11AFF0007A6533 /* main.cpp in Sources */,
				5D82BF1B1C11C02800754B44 /* GameEngine.cpp in Sources */,
				5D9A3BCB1C1967C900550046 /* BlueBrick.cpp in Sources */,
				5D70C0CA1C25A53C00CC93C6 /* BrownBrick.cpp in Sources */,
				5D82BF1E1C11C08000754B44 /* Sprite.cpp in Sources */,
				5D70C0D01C25B32100CC93C6 /* GoldBrick.cpp in Sources */,
			);
			runOnlyForDeploymentPostprocessing = 0;
		};
/* End PBXSourcesBuildPhase section */

/* Begin XCBuildConfiguration section */
		5D1769E31C11AFF0007A6533 /* Debug */ = {
			isa = XCBuildConfiguration;
			buildSettings = {
				ALWAYS_SEARCH_USER_PATHS = NO;
				CLANG_CXX_LANGUAGE_STANDARD = "gnu++0x";
				CLANG_CXX_LIBRARY = "libc++";
				CLANG_ENABLE_MODULES = YES;
				CLANG_ENABLE_OBJC_ARC = YES;
				CLANG_WARN_BOOL_CONVERSION = YES;
				CLANG_WARN_CONSTANT_CONVERSION = YES;
				CLANG_WARN_DIRECT_OBJC_ISA_USAGE = YES_ERROR;
				CLANG_WARN_EMPTY_BODY = YES;
				CLANG_WARN_ENUM_CONVERSION = YES;
				CLANG_WARN_INT_CONVERSION = YES;
				CLANG_WARN_OBJC_ROOT_CLASS = YES_ERROR;
				CLANG_WARN_UNREACHABLE_CODE = YES;
				CLANG_WARN__DUPLICATE_METHOD_MATCH = YES;
				CODE_SIGN_IDENTITY = "-";
				COPY_PHASE_STRIP = NO;
				DEBUG_INFORMATION_FORMAT = dwarf;
				ENABLE_STRICT_OBJC_MSGSEND = YES;
				ENABLE_TESTABILITY = YES;
				GCC_C_LANGUAGE_STANDARD = gnu99;
				GCC_DYNAMIC_NO_PIC = NO;
				GCC_NO_COMMON_BLOCKS = YES;
				GCC_OPTIMIZATION_LEVEL = 0;
				GCC_PREPROCESSOR_DEFINITIONS = (
					"DEBUG=1",
					"$(inherited)",
				);
				GCC_WARN_64_TO_32_BIT_CONVERSION = YES;
				GCC_WARN_ABOUT_RETURN_TYPE = YES_ERROR;
				GCC_WARN_UNDECLARED_SELECTOR = YES;
				GCC_WARN_UNINITIALIZED_AUTOS = YES_AGGRESSIVE;
				GCC_WARN_UNUSED_FUNCTION = YES;
				GCC_WARN_UNUSED_VARIABLE = YES;
				MACOSX_DEPLOYMENT_TARGET = 10.11;
				MTL_ENABLE_DEBUG_INFO = YES;
				ONLY_ACTIVE_ARCH = YES;
				SDKROOT = macosx;
			};
			name = Debug;
		};
		5D1769E41C11AFF0007A6533 /* Release */ = {
			isa = XCBuildConfiguration;
			buildSettings = {
				ALWAYS_SEARCH_USER_PATHS = NO;
				CLANG_CXX_LANGUAGE_STANDARD = "gnu++0x";
				CLANG_CXX_LIBRARY = "libc++";
				CLANG_ENABLE_MODULES = YES;
				CLANG_ENABLE_OBJC_ARC = YES;
				CLANG_WARN_BOOL_CONVERSION = YES;
				CLANG_WARN_CONSTANT_CONVERSION = YES;
				CLANG_WARN_DIRECT_OBJC_ISA_USAGE = YES_ERROR;
				CLANG_WARN_EMPTY_BODY = YES;
				CLANG_WARN_ENUM_CONVERSION = YES;
				CLANG_WARN_INT_CONVERSION = YES;
				CLANG_WARN_OBJC_ROOT_CLASS = YES_ERROR;
				CLANG_WARN_UNREACHABLE_CODE = YES;
				CLANG_WARN__DUPLICATE_METHOD_MATCH = YES;
				CODE_SIGN_IDENTITY = "-";
				COPY_PHASE_STRIP = NO;
				DEBUG_INFORMATION_FORMAT = "dwarf-with-dsym";
				ENABLE_NS_ASSERTIONS = NO;
				ENABLE_STRICT_OBJC_MSGSEND = YES;
				GCC_C_LANGUAGE_STANDARD = gnu99;
				GCC_NO_COMMON_BLOCKS = YES;
				GCC_WARN_64_TO_32_BIT_CONVERSION = YES;
				GCC_WARN_ABOUT_RETURN_TYPE = YES_ERROR;
				GCC_WARN_UNDECLARED_SELECTOR = YES;
				GCC_WARN_UNINITIALIZED_AUTOS = YES_AGGRESSIVE;
				GCC_WARN_UNUSED_FUNCTION = YES;
				GCC_WARN_UNUSED_VARIABLE = YES;
				MACOSX_DEPLOYMENT_TARGET = 10.11;
				MTL_ENABLE_DEBUG_INFO = NO;
				SDKROOT = macosx;
			};
			name = Release;
		};
		5D1769E61C11AFF0007A6533 /* Debug */ = {
			isa = XCBuildConfiguration;
			buildSettings = {
				FRAMEWORK_SEARCH_PATHS = /Library/Frameworks;
				PRODUCT_NAME = "$(TARGET_NAME)";
			};
			name = Debug;
		};
		5D1769E71C11AFF0007A6533 /* Release */ = {
			isa = XCBuildConfiguration;
			buildSettings = {
				FRAMEWORK_SEARCH_PATHS = /Library/Frameworks;
				PRODUCT_NAME = "$(TARGET_NAME)";
			};
			name = Release;
		};
/* End XCBuildConfiguration section */

/* Begin XCConfigurationList section */
		5D1769D91C11AFF0007A6533 /* Build configuration list for PBXProject "PROG3_INLUPP" */ = {
			isa = XCConfigurationList;
			buildConfigurations = (
				5D1769E31C11AFF0007A6533 /* Debug */,
				5D1769E41C11AFF0007A6533 /* Release */,
			);
			defaultConfigurationIsVisible = 0;
			defaultConfigurationName = Release;
		};
		5D1769E51C11AFF0007A6533 /* Build configuration list for PBXNativeTarget "PROG3_INLUPP" */ = {
			isa = XCConfigurationList;
			buildConfigurations = (
				5D1769E61C11AFF0007A6533 /* Debug */,
				5D1769E71C11AFF0007A6533 /* Release */,
			);
			defaultConfigurationIsVisible = 0;
			defaultConfigurationName = Release;
		};
/* End XCConfigurationList section */
	};
	rootObject = 5D1769D61C11AFF0007A6533 /* Project object */;
}
